
Microsoft Visual Studio Solution File, Format Version 12.00
# Visual Studio Version 17
VisualStudioVersion = 17.7.34009.444
MinimumVisualStudioVersion = 10.0.40219.1
Project("{FAE04EC0-301F-11D3-BF4B-00C04F79EFBC}") = "WebApplication1", "WebApplication1\WebApplication1.csproj", "{D30ADEDC-1C91-424D-9C84-3DEDB5E0715A}"
EndProject
Global
	GlobalSection(SolutionConfigurationPlatforms) = preSolution
		Debug|Any CPU = Debug|Any CPU
		Release|Any CPU = Release|Any CPU
	EndGlobalSection
	GlobalSection(ProjectConfigurationPlatforms) = postSolution
		{D30ADEDC-1C91-424D-9C84-3DEDB5E0715A}.Debug|Any CPU.ActiveCfg = Debug|Any CPU
		{D30ADEDC-1C91-424D-9C84-3DEDB5E0715A}.Debug|Any CPU.Build.0 = Debug|Any CPU
		{D30ADEDC-1C91-424D-9C84-3DEDB5E0715A}.Release|Any CPU.ActiveCfg = Release|Any CPU
		{D30ADEDC-1C91-424D-9C84-3DEDB5E0715A}.Release|Any CPU.Build.0 = Release|Any CPU
	EndGlobalSection
	GlobalSection(SolutionProperties) = preSolution
		HideSolutionNode = FALSE
	EndGlobalSection
	GlobalSection(ExtensibilityGlobals) = postSolution
		SolutionGuid = {44F77C05-D67E-4ACE-A55B-ED0944ACE76D}
	EndGlobalSection
EndGlobal
